
Microsoft Visual Studio Solution File, Format Version 12.00
# Visual Studio Version 16
VisualStudioVersion = 16.0.32106.194
MinimumVisualStudioVersion = 10.0.40219.1
Project("{FAE04EC0-301F-11D3-BF4B-00C04F79EFBC}") = "BookStoreM8", "BookStoreM8.csproj", "{39076E12-DB83-4243-A2D8-BCA5BC09AB84}"
EndProject
Global
	GlobalSection(SolutionConfigurationPlatforms) = preSolution
		Debug|Any CPU = Debug|Any CPU
		Release|Any CPU = Release|Any CPU
	EndGlobalSection
	GlobalSection(ProjectConfigurationPlatforms) = postSolution
		{39076E12-DB83-4243-A2D8-BCA5BC09AB84}.Debug|Any CPU.ActiveCfg = Debug|Any CPU
		{39076E12-DB83-4243-A2D8-BCA5BC09AB84}.Debug|Any CPU.Build.0 = Debug|Any CPU
		{39076E12-DB83-4243-A2D8-BCA5BC09AB84}.Release|Any CPU.ActiveCfg = Release|Any CPU
		{39076E12-DB83-4243-A2D8-BCA5BC09AB84}.Release|Any CPU.Build.0 = Release|Any CPU
	EndGlobalSection
	GlobalSection(SolutionProperties) = preSolution
		HideSolutionNode = FALSE
	EndGlobalSection
	GlobalSection(ExtensibilityGlobals) = postSolution
		SolutionGuid = {A89D86F1-1C45-4E2E-95E9-60E98F6E5411}
	EndGlobalSection
EndGlobal
